
Microsoft Visual Studio Solution File, Format Version 12.00
# Visual Studio Version 17
VisualStudioVersion = 17.3.32929.385
MinimumVisualStudioVersion = 10.0.40219.1
Project("{FAE04EC0-301F-11D3-BF4B-00C04F79EFBC}") = "DBExam", "DBExam\DBExam.csproj", "{AE5939AD-B41F-4EEC-BCDF-B9934A4FCB62}"
EndProject
Global
	GlobalSection(SolutionConfigurationPlatforms) = preSolution
		Debug|Any CPU = Debug|Any CPU
		Release|Any CPU = Release|Any CPU
	EndGlobalSection
	GlobalSection(ProjectConfigurationPlatforms) = postSolution
		{AE5939AD-B41F-4EEC-BCDF-B9934A4FCB62}.Debug|Any CPU.ActiveCfg = Debug|Any CPU
		{AE5939AD-B41F-4EEC-BCDF-B9934A4FCB62}.Debug|Any CPU.Build.0 = Debug|Any CPU
		{AE5939AD-B41F-4EEC-BCDF-B9934A4FCB62}.Release|Any CPU.ActiveCfg = Release|Any CPU
		{AE5939AD-B41F-4EEC-BCDF-B9934A4FCB62}.Release|Any CPU.Build.0 = Release|Any CPU
	EndGlobalSection
	GlobalSection(SolutionProperties) = preSolution
		HideSolutionNode = FALSE
	EndGlobalSection
	GlobalSection(ExtensibilityGlobals) = postSolution
		SolutionGuid = {87A716E4-347C-42DD-BD91-B0C3DC9619E0}
	EndGlobalSection
EndGlobal
